
Microsoft Visual Studio Solution File, Format Version 12.00
# Visual Studio 15
VisualStudioVersion = 15.0.27004.2005
MinimumVisualStudioVersion = 10.0.40219.1
Project("{2150E333-8FDC-42A3-9474-1A3956D46DE8}") = "src", "src", "{943212C2-9E96-4B87-840D-5DA9F30C60F2}"
EndProject
Project("{2150E333-8FDC-42A3-9474-1A3956D46DE8}") = "Solution Items", "Solution Items", "{0B34CCD0-96D8-4842-B940-AB279CF5096B}"
EndProject
Project("{9A19103F-16F7-4668-BE54-9A1E7A4F7556}") = "RadniNalog", "src\RadniNalog\RadniNalog.csproj", "{32BAF0D2-1B85-4958-B2DC-804EE4CBB909}"
EndProject
Global
	GlobalSection(SolutionConfigurationPlatforms) = preSolution
		Debug|Any CPU = Debug|Any CPU
		Release|Any CPU = Release|Any CPU
	EndGlobalSection
	GlobalSection(ProjectConfigurationPlatforms) = postSolution
		{32BAF0D2-1B85-4958-B2DC-804EE4CBB909}.Debug|Any CPU.ActiveCfg = Debug|Any CPU
		{32BAF0D2-1B85-4958-B2DC-804EE4CBB909}.Debug|Any CPU.Build.0 = Debug|Any CPU
		{32BAF0D2-1B85-4958-B2DC-804EE4CBB909}.Release|Any CPU.ActiveCfg = Release|Any CPU
		{32BAF0D2-1B85-4958-B2DC-804EE4CBB909}.Release|Any CPU.Build.0 = Release|Any CPU
	EndGlobalSection
	GlobalSection(SolutionProperties) = preSolution
		HideSolutionNode = FALSE
	EndGlobalSection
	GlobalSection(NestedProjects) = preSolution
		{32BAF0D2-1B85-4958-B2DC-804EE4CBB909} = {943212C2-9E96-4B87-840D-5DA9F30C60F2}
	EndGlobalSection
	GlobalSection(ExtensibilityGlobals) = postSolution
		SolutionGuid = {F1ABA156-69E5-441D-9A3D-514222F5ABAC}
	EndGlobalSection
EndGlobal
